
Microsoft Visual Studio Solution File, Format Version 12.00
# Visual Studio 14
VisualStudioVersion = 14.0.25420.1
MinimumVisualStudioVersion = 10.0.40219.1
Project("{FAE04EC0-301F-11D3-BF4B-00C04F79EFBC}") = "GothubTestApplication", "GothubTestApplication\GothubTestApplication.csproj", "{B550DC9B-79A3-4448-B1D5-E9AB673EE2CE}"
EndProject
Global
	GlobalSection(SolutionConfigurationPlatforms) = preSolution
		Debug|Any CPU = Debug|Any CPU
		Release|Any CPU = Release|Any CPU
	EndGlobalSection
	GlobalSection(ProjectConfigurationPlatforms) = postSolution
		{B550DC9B-79A3-4448-B1D5-E9AB673EE2CE}.Debug|Any CPU.ActiveCfg = Debug|Any CPU
		{B550DC9B-79A3-4448-B1D5-E9AB673EE2CE}.Debug|Any CPU.Build.0 = Debug|Any CPU
		{B550DC9B-79A3-4448-B1D5-E9AB673EE2CE}.Release|Any CPU.ActiveCfg = Release|Any CPU
		{B550DC9B-79A3-4448-B1D5-E9AB673EE2CE}.Release|Any CPU.Build.0 = Release|Any CPU
	EndGlobalSection
	GlobalSection(SolutionProperties) = preSolution
		HideSolutionNode = FALSE
	EndGlobalSection
EndGlobal
